
Microsoft Visual Studio Solution File, Format Version 12.00
# Visual Studio 15
VisualStudioVersion = 15.0.28307.106
MinimumVisualStudioVersion = 10.0.40219.1
Project("{FAE04EC0-301F-11D3-BF4B-00C04F79EFBC}") = "PaymentGateways.PayPal", "PaymentGateways.PayPal\PaymentGateways.PayPal.csproj", "{746504FE-60C2-4451-B9A8-5280F309751C}"
EndProject
Project("{FAE04EC0-301F-11D3-BF4B-00C04F79EFBC}") = "PaymentsGateways.PayNow", "PaymentsGateways.PayNow\PaymentsGateways.PayNow.csproj", "{47FBDA53-2CA2-4384-9BD2-636B32224474}"
EndProject
Project("{9A19103F-16F7-4668-BE54-9A1E7A4F7556}") = "SASA.PayNow.SampleClient.RazorP", "SASA.PayNow.SampleClient.RazorP\SASA.PayNow.SampleClient.RazorP.csproj", "{064EF724-9FF9-4A25-B788-13AE004F6740}"
EndProject
Project("{9A19103F-16F7-4668-BE54-9A1E7A4F7556}") = "SASA.PayPalExpress.SampleClient.RazorP", "SASA.PayPalExpress.SampleClient.RazorP\SASA.PayPalExpress.SampleClient.RazorP.csproj", "{8A15AA16-5BC5-4B73-9136-A56EAA477C81}"
EndProject
Global
	GlobalSection(SolutionConfigurationPlatforms) = preSolution
		Debug|Any CPU = Debug|Any CPU
		Release|Any CPU = Release|Any CPU
	EndGlobalSection
	GlobalSection(ProjectConfigurationPlatforms) = postSolution
		{746504FE-60C2-4451-B9A8-5280F309751C}.Debug|Any CPU.ActiveCfg = Debug|Any CPU
		{746504FE-60C2-4451-B9A8-5280F309751C}.Debug|Any CPU.Build.0 = Debug|Any CPU
		{746504FE-60C2-4451-B9A8-5280F309751C}.Release|Any CPU.ActiveCfg = Release|Any CPU
		{746504FE-60C2-4451-B9A8-5280F309751C}.Release|Any CPU.Build.0 = Release|Any CPU
		{47FBDA53-2CA2-4384-9BD2-636B32224474}.Debug|Any CPU.ActiveCfg = Debug|Any CPU
		{47FBDA53-2CA2-4384-9BD2-636B32224474}.Debug|Any CPU.Build.0 = Debug|Any CPU
		{47FBDA53-2CA2-4384-9BD2-636B32224474}.Release|Any CPU.ActiveCfg = Release|Any CPU
		{47FBDA53-2CA2-4384-9BD2-636B32224474}.Release|Any CPU.Build.0 = Release|Any CPU
		{064EF724-9FF9-4A25-B788-13AE004F6740}.Debug|Any CPU.ActiveCfg = Debug|Any CPU
		{064EF724-9FF9-4A25-B788-13AE004F6740}.Debug|Any CPU.Build.0 = Debug|Any CPU
		{064EF724-9FF9-4A25-B788-13AE004F6740}.Release|Any CPU.ActiveCfg = Release|Any CPU
		{064EF724-9FF9-4A25-B788-13AE004F6740}.Release|Any CPU.Build.0 = Release|Any CPU
		{8A15AA16-5BC5-4B73-9136-A56EAA477C81}.Debug|Any CPU.ActiveCfg = Debug|Any CPU
		{8A15AA16-5BC5-4B73-9136-A56EAA477C81}.Debug|Any CPU.Build.0 = Debug|Any CPU
		{8A15AA16-5BC5-4B73-9136-A56EAA477C81}.Release|Any CPU.ActiveCfg = Release|Any CPU
		{8A15AA16-5BC5-4B73-9136-A56EAA477C81}.Release|Any CPU.Build.0 = Release|Any CPU
	EndGlobalSection
	GlobalSection(SolutionProperties) = preSolution
		HideSolutionNode = FALSE
	EndGlobalSection
	GlobalSection(ExtensibilityGlobals) = postSolution
		SolutionGuid = {2EB68BEB-8A95-4C27-9F85-BE5C6B571A49}
	EndGlobalSection
EndGlobal
